
Microsoft Visual Studio Solution File, Format Version 12.00
# Visual Studio Version 16
VisualStudioVersion = 16.0.29709.97
MinimumVisualStudioVersion = 10.0.40219.1
Project("{FAE04EC0-301F-11D3-BF4B-00C04F79EFBC}") = "ConsoleAppTema4", "ConsoleAppTema4\ConsoleAppTema4.csproj", "{ABFDB3CB-6205-4AC8-84DE-3396E774B5C1}"
EndProject
Global
	GlobalSection(SolutionConfigurationPlatforms) = preSolution
		Debug|Any CPU = Debug|Any CPU
		Release|Any CPU = Release|Any CPU
	EndGlobalSection
	GlobalSection(ProjectConfigurationPlatforms) = postSolution
		{ABFDB3CB-6205-4AC8-84DE-3396E774B5C1}.Debug|Any CPU.ActiveCfg = Debug|Any CPU
		{ABFDB3CB-6205-4AC8-84DE-3396E774B5C1}.Debug|Any CPU.Build.0 = Debug|Any CPU
		{ABFDB3CB-6205-4AC8-84DE-3396E774B5C1}.Release|Any CPU.ActiveCfg = Release|Any CPU
		{ABFDB3CB-6205-4AC8-84DE-3396E774B5C1}.Release|Any CPU.Build.0 = Release|Any CPU
	EndGlobalSection
	GlobalSection(SolutionProperties) = preSolution
		HideSolutionNode = FALSE
	EndGlobalSection
	GlobalSection(ExtensibilityGlobals) = postSolution
		SolutionGuid = {E286CFE5-1EB6-407B-8EBD-3FDD5ED3526C}
	EndGlobalSection
EndGlobal
